
Microsoft Visual Studio Solution File, Format Version 12.00
# Visual Studio 15
VisualStudioVersion = 15.0.28010.2036
MinimumVisualStudioVersion = 10.0.40219.1
Project("{FAE04EC0-301F-11D3-BF4B-00C04F79EFBC}") = "lekcja13", "Lekcja13\lekcja13.csproj", "{70535966-6F00-4DF0-BE91-E0DF66D9F39D}"
EndProject
Global
	GlobalSection(SolutionConfigurationPlatforms) = preSolution
		Debug|Any CPU = Debug|Any CPU
		Release|Any CPU = Release|Any CPU
	EndGlobalSection
	GlobalSection(ProjectConfigurationPlatforms) = postSolution
		{70535966-6F00-4DF0-BE91-E0DF66D9F39D}.Debug|Any CPU.ActiveCfg = Debug|Any CPU
		{70535966-6F00-4DF0-BE91-E0DF66D9F39D}.Debug|Any CPU.Build.0 = Debug|Any CPU
		{70535966-6F00-4DF0-BE91-E0DF66D9F39D}.Release|Any CPU.ActiveCfg = Release|Any CPU
		{70535966-6F00-4DF0-BE91-E0DF66D9F39D}.Release|Any CPU.Build.0 = Release|Any CPU
	EndGlobalSection
	GlobalSection(SolutionProperties) = preSolution
		HideSolutionNode = FALSE
	EndGlobalSection
	GlobalSection(ExtensibilityGlobals) = postSolution
		SolutionGuid = {9D9F088D-CE5F-45A3-AFAA-E94FA9DCE3CA}
	EndGlobalSection
EndGlobal
